
Microsoft Visual Studio Solution File, Format Version 12.00
# Visual Studio 14
VisualStudioVersion = 14.0.23107.0
MinimumVisualStudioVersion = 10.0.40219.1
Project("{2150E333-8FDC-42A3-9474-1A3956D46DE8}") = "src", "src", "{349E09C6-0F3A-4D4B-BFEF-610B845F770A}"
EndProject
Project("{2150E333-8FDC-42A3-9474-1A3956D46DE8}") = "Solution Items", "Solution Items", "{57F06031-6476-4800-B7FF-D9ACC2594974}"
	ProjectSection(SolutionItems) = preProject
		global.json = global.json
	EndProjectSection
EndProject
Project("{8BB2217D-0F2D-49D1-97BC-3654ED321F3B}") = "vNext", "src\vNext\vNext.xproj", "{94A19FD5-0CC4-4C6F-8474-A043BFBD1B4E}"
EndProject
Global
	GlobalSection(SolutionConfigurationPlatforms) = preSolution
		Debug|Any CPU = Debug|Any CPU
		Release|Any CPU = Release|Any CPU
	EndGlobalSection
	GlobalSection(ProjectConfigurationPlatforms) = postSolution
		{94A19FD5-0CC4-4C6F-8474-A043BFBD1B4E}.Debug|Any CPU.ActiveCfg = Debug|Any CPU
		{94A19FD5-0CC4-4C6F-8474-A043BFBD1B4E}.Debug|Any CPU.Build.0 = Debug|Any CPU
		{94A19FD5-0CC4-4C6F-8474-A043BFBD1B4E}.Release|Any CPU.ActiveCfg = Release|Any CPU
		{94A19FD5-0CC4-4C6F-8474-A043BFBD1B4E}.Release|Any CPU.Build.0 = Release|Any CPU
	EndGlobalSection
	GlobalSection(SolutionProperties) = preSolution
		HideSolutionNode = FALSE
	EndGlobalSection
	GlobalSection(NestedProjects) = preSolution
		{94A19FD5-0CC4-4C6F-8474-A043BFBD1B4E} = {349E09C6-0F3A-4D4B-BFEF-610B845F770A}
	EndGlobalSection
EndGlobal
